
Microsoft Visual Studio Solution File, Format Version 12.00
# Visual Studio 14
VisualStudioVersion = 14.0.25420.1
MinimumVisualStudioVersion = 10.0.40219.1
Project("{FAE04EC0-301F-11D3-BF4B-00C04F79EFBC}") = "SharpGameEngine", "SharpGameEngine\SharpGameEngine.csproj", "{9B858CBA-A38C-4BFF-9BE4-D69D30DB6F53}"
EndProject
Project("{FAE04EC0-301F-11D3-BF4B-00C04F79EFBC}") = "GalagaGame", "GalagaGame\GalagaGame.csproj", "{A6B6490F-22D6-4DF5-8C7B-136B6ADC4934}"
EndProject
Project("{FAE04EC0-301F-11D3-BF4B-00C04F79EFBC}") = "GameConcepts", "GameConcepts\GameConcepts.csproj", "{3F50F963-F3C2-4B1D-9062-3696DD595664}"
EndProject
Project("{FAE04EC0-301F-11D3-BF4B-00C04F79EFBC}") = "GalagaTests", "GalagaTests\GalagaTests.csproj", "{5B2995F0-B18B-4BED-A43E-E510EAA24F8E}"
EndProject
Global
	GlobalSection(SolutionConfigurationPlatforms) = preSolution
		Debug|Any CPU = Debug|Any CPU
		Release|Any CPU = Release|Any CPU
	EndGlobalSection
	GlobalSection(ProjectConfigurationPlatforms) = postSolution
		{9B858CBA-A38C-4BFF-9BE4-D69D30DB6F53}.Debug|Any CPU.ActiveCfg = Debug|Any CPU
		{9B858CBA-A38C-4BFF-9BE4-D69D30DB6F53}.Debug|Any CPU.Build.0 = Debug|Any CPU
		{9B858CBA-A38C-4BFF-9BE4-D69D30DB6F53}.Release|Any CPU.ActiveCfg = Release|Any CPU
		{9B858CBA-A38C-4BFF-9BE4-D69D30DB6F53}.Release|Any CPU.Build.0 = Release|Any CPU
		{A6B6490F-22D6-4DF5-8C7B-136B6ADC4934}.Debug|Any CPU.ActiveCfg = Debug|Any CPU
		{A6B6490F-22D6-4DF5-8C7B-136B6ADC4934}.Debug|Any CPU.Build.0 = Debug|Any CPU
		{A6B6490F-22D6-4DF5-8C7B-136B6ADC4934}.Release|Any CPU.ActiveCfg = Release|Any CPU
		{A6B6490F-22D6-4DF5-8C7B-136B6ADC4934}.Release|Any CPU.Build.0 = Release|Any CPU
		{3F50F963-F3C2-4B1D-9062-3696DD595664}.Debug|Any CPU.ActiveCfg = Debug|Any CPU
		{3F50F963-F3C2-4B1D-9062-3696DD595664}.Debug|Any CPU.Build.0 = Debug|Any CPU
		{3F50F963-F3C2-4B1D-9062-3696DD595664}.Release|Any CPU.ActiveCfg = Release|Any CPU
		{3F50F963-F3C2-4B1D-9062-3696DD595664}.Release|Any CPU.Build.0 = Release|Any CPU
		{5B2995F0-B18B-4BED-A43E-E510EAA24F8E}.Debug|Any CPU.ActiveCfg = Debug|Any CPU
		{5B2995F0-B18B-4BED-A43E-E510EAA24F8E}.Debug|Any CPU.Build.0 = Debug|Any CPU
		{5B2995F0-B18B-4BED-A43E-E510EAA24F8E}.Release|Any CPU.ActiveCfg = Release|Any CPU
		{5B2995F0-B18B-4BED-A43E-E510EAA24F8E}.Release|Any CPU.Build.0 = Release|Any CPU
	EndGlobalSection
	GlobalSection(SolutionProperties) = preSolution
		HideSolutionNode = FALSE
	EndGlobalSection
EndGlobal
